
Microsoft Visual Studio Solution File, Format Version 12.00
# Visual Studio Version 17
VisualStudioVersion = 17.0.31903.59
MinimumVisualStudioVersion = 10.0.40219.1
Project("{FAE04EC0-301F-11D3-BF4B-00C04F79EFBC}") = "day1", "day1\day1.csproj", "{57CDB957-781F-4E44-AE93-7A03789B78E8}"
EndProject
Project("{FAE04EC0-301F-11D3-BF4B-00C04F79EFBC}") = "day2", "day2\day2.csproj", "{2D6E6756-9FA5-437F-AF01-6BF22BFCC2B0}"
EndProject
Project("{FAE04EC0-301F-11D3-BF4B-00C04F79EFBC}") = "day3", "day3\day3.csproj", "{D174384E-6BC2-4ABA-BA82-45BBE3C72A97}"
EndProject
Project("{FAE04EC0-301F-11D3-BF4B-00C04F79EFBC}") = "day4", "day4\day4.csproj", "{CB747127-E098-4ED1-8A72-ABD01E363029}"
EndProject
Global
	GlobalSection(SolutionConfigurationPlatforms) = preSolution
		Debug|Any CPU = Debug|Any CPU
		Release|Any CPU = Release|Any CPU
	EndGlobalSection
	GlobalSection(SolutionProperties) = preSolution
		HideSolutionNode = FALSE
	EndGlobalSection
	GlobalSection(ProjectConfigurationPlatforms) = postSolution
		{57CDB957-781F-4E44-AE93-7A03789B78E8}.Debug|Any CPU.ActiveCfg = Debug|Any CPU
		{57CDB957-781F-4E44-AE93-7A03789B78E8}.Debug|Any CPU.Build.0 = Debug|Any CPU
		{57CDB957-781F-4E44-AE93-7A03789B78E8}.Release|Any CPU.ActiveCfg = Release|Any CPU
		{57CDB957-781F-4E44-AE93-7A03789B78E8}.Release|Any CPU.Build.0 = Release|Any CPU
		{2D6E6756-9FA5-437F-AF01-6BF22BFCC2B0}.Debug|Any CPU.ActiveCfg = Debug|Any CPU
		{2D6E6756-9FA5-437F-AF01-6BF22BFCC2B0}.Debug|Any CPU.Build.0 = Debug|Any CPU
		{2D6E6756-9FA5-437F-AF01-6BF22BFCC2B0}.Release|Any CPU.ActiveCfg = Release|Any CPU
		{2D6E6756-9FA5-437F-AF01-6BF22BFCC2B0}.Release|Any CPU.Build.0 = Release|Any CPU
		{D174384E-6BC2-4ABA-BA82-45BBE3C72A97}.Debug|Any CPU.ActiveCfg = Debug|Any CPU
		{D174384E-6BC2-4ABA-BA82-45BBE3C72A97}.Debug|Any CPU.Build.0 = Debug|Any CPU
		{D174384E-6BC2-4ABA-BA82-45BBE3C72A97}.Release|Any CPU.ActiveCfg = Release|Any CPU
		{D174384E-6BC2-4ABA-BA82-45BBE3C72A97}.Release|Any CPU.Build.0 = Release|Any CPU
		{CB747127-E098-4ED1-8A72-ABD01E363029}.Debug|Any CPU.ActiveCfg = Debug|Any CPU
		{CB747127-E098-4ED1-8A72-ABD01E363029}.Debug|Any CPU.Build.0 = Debug|Any CPU
		{CB747127-E098-4ED1-8A72-ABD01E363029}.Release|Any CPU.ActiveCfg = Release|Any CPU
		{CB747127-E098-4ED1-8A72-ABD01E363029}.Release|Any CPU.Build.0 = Release|Any CPU
	EndGlobalSection
EndGlobal
